// !$*UTF8*$!
{
	archiveVersion = 1;
	classes = {
	};
	objectVersion = 56;
	objects = {

/* Begin PBXBuildFile section */
		521137152B4C92D900491031 /* DessertDetailsDTO.swift in Sources */ = {isa = PBXBuildFile; fileRef = 521137142B4C92D900491031 /* DessertDetailsDTO.swift */; };
		521137172B4C932000491031 /* DessertsDTO.swift in Sources */ = {isa = PBXBuildFile; fileRef = 521137162B4C932000491031 /* DessertsDTO.swift */; };
		5211371A2B4C960C00491031 /* DessertListViewModel.swift in Sources */ = {isa = PBXBuildFile; fileRef = 521137192B4C960C00491031 /* DessertListViewModel.swift */; };
		5211371C2B4CAB5C00491031 /* DessertListCell.swift in Sources */ = {isa = PBXBuildFile; fileRef = 5211371B2B4CAB5C00491031 /* DessertListCell.swift */; };
		5211371E2B4CAC2A00491031 /* DessertDetailScreen.swift in Sources */ = {isa = PBXBuildFile; fileRef = 5211371D2B4CAC2A00491031 /* DessertDetailScreen.swift */; };
		521137242B4CB24200491031 /* IngredientsView.swift in Sources */ = {isa = PBXBuildFile; fileRef = 521137232B4CB24200491031 /* IngredientsView.swift */; };
		521137262B4CB24E00491031 /* InstructionsView.swift in Sources */ = {isa = PBXBuildFile; fileRef = 521137252B4CB24E00491031 /* InstructionsView.swift */; };
		5225F05F2B4C70FF00EABDEC /* DessertsApp.swift in Sources */ = {isa = PBXBuildFile; fileRef = 5225F05E2B4C70FF00EABDEC /* DessertsApp.swift */; };
		5225F0612B4C70FF00EABDEC /* DessertListScreen.swift in Sources */ = {isa = PBXBuildFile; fileRef = 5225F0602B4C70FF00EABDEC /* DessertListScreen.swift */; };
		5225F0632B4C710000EABDEC /* Assets.xcassets in Resources */ = {isa = PBXBuildFile; fileRef = 5225F0622B4C710000EABDEC /* Assets.xcassets */; };
		5225F0662B4C710000EABDEC /* Preview Assets.xcassets in Resources */ = {isa = PBXBuildFile; fileRef = 5225F0652B4C710000EABDEC /* Preview Assets.xcassets */; };
		5225F06D2B4C75BA00EABDEC /* NetworkManager.swift in Sources */ = {isa = PBXBuildFile; fileRef = 5225F06C2B4C75BA00EABDEC /* NetworkManager.swift */; };
		5225F06F2B4C771500EABDEC /* ErrorMessage.swift in Sources */ = {isa = PBXBuildFile; fileRef = 5225F06E2B4C771500EABDEC /* ErrorMessage.swift */; };
		5225F0712B4C786300EABDEC /* Dessert.swift in Sources */ = {isa = PBXBuildFile; fileRef = 5225F0702B4C786300EABDEC /* Dessert.swift */; };
		5225F0732B4C786900EABDEC /* DessertDetails.swift in Sources */ = {isa = PBXBuildFile; fileRef = 5225F0722B4C786900EABDEC /* DessertDetails.swift */; };
/* End PBXBuildFile section */

/* Begin PBXFileReference section */
		521137142B4C92D900491031 /* DessertDetailsDTO.swift */ = {isa = PBXFileReference; lastKnownFileType = sourcecode.swift; path = DessertDetailsDTO.swift; sourceTree = "<group>"; };
		521137162B4C932000491031 /* DessertsDTO.swift */ = {isa = PBXFileReference; lastKnownFileType = sourcecode.swift; path = DessertsDTO.swift; sourceTree = "<group>"; };
		521137192B4C960C00491031 /* DessertListViewModel.swift */ = {isa = PBXFileReference; lastKnownFileType = sourcecode.swift; path = DessertListViewModel.swift; sourceTree = "<group>"; };
		5211371B2B4CAB5C00491031 /* DessertListCell.swift */ = {isa = PBXFileReference; lastKnownFileType = sourcecode.swift; path = DessertListCell.swift; sourceTree = "<group>"; };
		5211371D2B4CAC2A00491031 /* DessertDetailScreen.swift */ = {isa = PBXFileReference; lastKnownFileType = sourcecode.swift; path = DessertDetailScreen.swift; sourceTree = "<group>"; };
		521137232B4CB24200491031 /* IngredientsView.swift */ = {isa = PBXFileReference; lastKnownFileType = sourcecode.swift; path = IngredientsView.swift; sourceTree = "<group>"; };
		521137252B4CB24E00491031 /* InstructionsView.swift */ = {isa = PBXFileReference; lastKnownFileType = sourcecode.swift; path = InstructionsView.swift; sourceTree = "<group>"; };
		5225F05B2B4C70FF00EABDEC /* Desserts.app */ = {isa = PBXFileReference; explicitFileType = wrapper.application; includeInIndex = 0; path = Desserts.app; sourceTree = BUILT_PRODUCTS_DIR; };
		5225F05E2B4C70FF00EABDEC /* DessertsApp.swift */ = {isa = PBXFileReference; lastKnownFileType = sourcecode.swift; path = DessertsApp.swift; sourceTree = "<group>"; };
		5225F0602B4C70FF00EABDEC /* DessertListScreen.swift */ = {isa = PBXFileReference; lastKnownFileType = sourcecode.swift; path = DessertListScreen.swift; sourceTree = "<group>"; };
		5225F0622B4C710000EABDEC /* Assets.xcassets */ = {isa = PBXFileReference; lastKnownFileType = folder.assetcatalog; path = Assets.xcassets; sourceTree = "<group>"; };
		5225F0652B4C710000EABDEC /* Preview Assets.xcassets */ = {isa = PBXFileReference; lastKnownFileType = folder.assetcatalog; path = "Preview Assets.xcassets"; sourceTree = "<group>"; };
		5225F06C2B4C75BA00EABDEC /* NetworkManager.swift */ = {isa = PBXFileReference; lastKnownFileType = sourcecode.swift; path = NetworkManager.swift; sourceTree = "<group>"; };
		5225F06E2B4C771500EABDEC /* ErrorMessage.swift */ = {isa = PBXFileReference; lastKnownFileType = sourcecode.swift; path = ErrorMessage.swift; sourceTree = "<group>"; };
		5225F0702B4C786300EABDEC /* Dessert.swift */ = {isa = PBXFileReference; lastKnownFileType = sourcecode.swift; path = Dessert.swift; sourceTree = "<group>"; };
		5225F0722B4C786900EABDEC /* DessertDetails.swift */ = {isa = PBXFileReference; lastKnownFileType = sourcecode.swift; path = DessertDetails.swift; sourceTree = "<group>"; };
/* End PBXFileReference section */

/* Begin PBXFrameworksBuildPhase section */
		5225F0582B4C70FF00EABDEC /* Frameworks */ = {
			isa = PBXFrameworksBuildPhase;
			buildActionMask = 2147483647;
			files = (
			);
			runOnlyForDeploymentPostprocessing = 0;
		};
/* End PBXFrameworksBuildPhase section */

/* Begin PBXGroup section */
		521137122B4C92BA00491031 /* Models */ = {
			isa = PBXGroup;
			children = (
				521137132B4C92C200491031 /* ModelDTOs */,
				5225F0702B4C786300EABDEC /* Dessert.swift */,
				5225F0722B4C786900EABDEC /* DessertDetails.swift */,
			);
			path = Models;
			sourceTree = "<group>";
		};
		521137132B4C92C200491031 /* ModelDTOs */ = {
			isa = PBXGroup;
			children = (
				521137162B4C932000491031 /* DessertsDTO.swift */,
				521137142B4C92D900491031 /* DessertDetailsDTO.swift */,
			);
			path = ModelDTOs;
			sourceTree = "<group>";
		};
		521137182B4C95EA00491031 /* ViewModels */ = {
			isa = PBXGroup;
			children = (
				521137192B4C960C00491031 /* DessertListViewModel.swift */,
			);
			path = ViewModels;
			sourceTree = "<group>";
		};
		5211371F2B4CAE7200491031 /* Screens */ = {
			isa = PBXGroup;
			children = (
				5225F0602B4C70FF00EABDEC /* DessertListScreen.swift */,
				5211371D2B4CAC2A00491031 /* DessertDetailScreen.swift */,
			);
			path = Screens;
			sourceTree = "<group>";
		};
		521137202B4CAE7B00491031 /* Cells */ = {
			isa = PBXGroup;
			children = (
				5211371B2B4CAB5C00491031 /* DessertListCell.swift */,
			);
			path = Cells;
			sourceTree = "<group>";
		};
		521137212B4CAE8700491031 /* Views */ = {
			isa = PBXGroup;
			children = (
				5211371F2B4CAE7200491031 /* Screens */,
				521137202B4CAE7B00491031 /* Cells */,
				521137232B4CB24200491031 /* IngredientsView.swift */,
				521137252B4CB24E00491031 /* InstructionsView.swift */,
			);
			path = Views;
			sourceTree = "<group>";
		};
		521137222B4CAFA400491031 /* Assets */ = {
			isa = PBXGroup;
			children = (
				5225F0622B4C710000EABDEC /* Assets.xcassets */,
				5225F0642B4C710000EABDEC /* Preview Content */,
			);
			path = Assets;
			sourceTree = "<group>";
		};
		5225F0522B4C70FF00EABDEC = {
			isa = PBXGroup;
			children = (
				5225F05D2B4C70FF00EABDEC /* Desserts */,
				5225F05C2B4C70FF00EABDEC /* Products */,
			);
			sourceTree = "<group>";
		};
		5225F05C2B4C70FF00EABDEC /* Products */ = {
			isa = PBXGroup;
			children = (
				5225F05B2B4C70FF00EABDEC /* Desserts.app */,
			);
			name = Products;
			sourceTree = "<group>";
		};
		5225F05D2B4C70FF00EABDEC /* Desserts */ = {
			isa = PBXGroup;
			children = (
				5225F06C2B4C75BA00EABDEC /* NetworkManager.swift */,
				5225F06E2B4C771500EABDEC /* ErrorMessage.swift */,
				5225F05E2B4C70FF00EABDEC /* DessertsApp.swift */,
				521137122B4C92BA00491031 /* Models */,
				521137212B4CAE8700491031 /* Views */,
				521137182B4C95EA00491031 /* ViewModels */,
				521137222B4CAFA400491031 /* Assets */,
			);
			path = Desserts;
			sourceTree = "<group>";
		};
		5225F0642B4C710000EABDEC /* Preview Content */ = {
			isa = PBXGroup;
			children = (
				5225F0652B4C710000EABDEC /* Preview Assets.xcassets */,
			);
			path = "Preview Content";
			sourceTree = "<group>";
		};
/* End PBXGroup section */

/* Begin PBXNativeTarget section */
		5225F05A2B4C70FF00EABDEC /* Desserts */ = {
			isa = PBXNativeTarget;
			buildConfigurationList = 5225F0692B4C710000EABDEC /* Build configuration list for PBXNativeTarget "Desserts" */;
			buildPhases = (
				5225F0572B4C70FF00EABDEC /* Sources */,
				5225F0582B4C70FF00EABDEC /* Frameworks */,
				5225F0592B4C70FF00EABDEC /* Resources */,
			);
			buildRules = (
			);
			dependencies = (
			);
			name = Desserts;
			productName = Desserts;
			productReference = 5225F05B2B4C70FF00EABDEC /* Desserts.app */;
			productType = "com.apple.product-type.application";
		};
/* End PBXNativeTarget section */

/* Begin PBXProject section */
		5225F0532B4C70FF00EABDEC /* Project object */ = {
			isa = PBXProject;
			attributes = {
				BuildIndependentTargetsInParallel = 1;
				LastSwiftUpdateCheck = 1510;
				LastUpgradeCheck = 1510;
				TargetAttributes = {
					5225F05A2B4C70FF00EABDEC = {
						CreatedOnToolsVersion = 15.1;
					};
				};
			};
			buildConfigurationList = 5225F0562B4C70FF00EABDEC /* Build configuration list for PBXProject "Desserts" */;
			compatibilityVersion = "Xcode 14.0";
			developmentRegion = en;
			hasScannedForEncodings = 0;
			knownRegions = (
				en,
				Base,
			);
			mainGroup = 5225F0522B4C70FF00EABDEC;
			productRefGroup = 5225F05C2B4C70FF00EABDEC /* Products */;
			projectDirPath = "";
			projectRoot = "";
			targets = (
				5225F05A2B4C70FF00EABDEC /* Desserts */,
			);
		};
/* End PBXProject section */

/* Begin PBXResourcesBuildPhase section */
		5225F0592B4C70FF00EABDEC /* Resources */ = {
			isa = PBXResourcesBuildPhase;
			buildActionMask = 2147483647;
			files = (
				5225F0662B4C710000EABDEC /* Preview Assets.xcassets in Resources */,
				5225F0632B4C710000EABDEC /* Assets.xcassets in Resources */,
			);
			runOnlyForDeploymentPostprocessing = 0;
		};
/* End PBXResourcesBuildPhase section */

/* Begin PBXSourcesBuildPhase section */
		5225F0572B4C70FF00EABDEC /* Sources */ = {
			isa = PBXSourcesBuildPhase;
			buildActionMask = 2147483647;
			files = (
				521137172B4C932000491031 /* DessertsDTO.swift in Sources */,
				5225F0712B4C786300EABDEC /* Dessert.swift in Sources */,
				5211371C2B4CAB5C00491031 /* DessertListCell.swift in Sources */,
				5225F06F2B4C771500EABDEC /* ErrorMessage.swift in Sources */,
				5225F06D2B4C75BA00EABDEC /* NetworkManager.swift in Sources */,
				5211371A2B4C960C00491031 /* DessertListViewModel.swift in Sources */,
				521137152B4C92D900491031 /* DessertDetailsDTO.swift in Sources */,
				521137242B4CB24200491031 /* IngredientsView.swift in Sources */,
				5211371E2B4CAC2A00491031 /* DessertDetailScreen.swift in Sources */,
				5225F0732B4C786900EABDEC /* DessertDetails.swift in Sources */,
				5225F0612B4C70FF00EABDEC /* DessertListScreen.swift in Sources */,
				5225F05F2B4C70FF00EABDEC /* DessertsApp.swift in Sources */,
				521137262B4CB24E00491031 /* InstructionsView.swift in Sources */,
			);
			runOnlyForDeploymentPostprocessing = 0;
		};
/* End PBXSourcesBuildPhase section */

/* Begin XCBuildConfiguration section */
		5225F0672B4C710000EABDEC /* Debug */ = {
			isa = XCBuildConfiguration;
			buildSettings = {
				ALWAYS_SEARCH_USER_PATHS = NO;
				ASSETCATALOG_COMPILER_GENERATE_SWIFT_ASSET_SYMBOL_EXTENSIONS = YES;
				CLANG_ANALYZER_NONNULL = YES;
				CLANG_ANALYZER_NUMBER_OBJECT_CONVERSION = YES_AGGRESSIVE;
				CLANG_CXX_LANGUAGE_STANDARD = "gnu++20";
				CLANG_ENABLE_MODULES = YES;
				CLANG_ENABLE_OBJC_ARC = YES;
				CLANG_ENABLE_OBJC_WEAK = YES;
				CLANG_WARN_BLOCK_CAPTURE_AUTORELEASING = YES;
				CLANG_WARN_BOOL_CONVERSION = YES;
				CLANG_WARN_COMMA = YES;
				CLANG_WARN_CONSTANT_CONVERSION = YES;
				CLANG_WARN_DEPRECATED_OBJC_IMPLEMENTATIONS = YES;
				CLANG_WARN_DIRECT_OBJC_ISA_USAGE = YES_ERROR;
				CLANG_WARN_DOCUMENTATION_COMMENTS = YES;
				CLANG_WARN_EMPTY_BODY = YES;
				CLANG_WARN_ENUM_CONVERSION = YES;
				CLANG_WARN_INFINITE_RECURSION = YES;
				CLANG_WARN_INT_CONVERSION = YES;
				CLANG_WARN_NON_LITERAL_NULL_CONVERSION = YES;
				CLANG_WARN_OBJC_IMPLICIT_RETAIN_SELF = YES;
				CLANG_WARN_OBJC_LITERAL_CONVERSION = YES;
				CLANG_WARN_OBJC_ROOT_CLASS = YES_ERROR;
				CLANG_WARN_QUOTED_INCLUDE_IN_FRAMEWORK_HEADER = YES;
				CLANG_WARN_RANGE_LOOP_ANALYSIS = YES;
				CLANG_WARN_STRICT_PROTOTYPES = YES;
				CLANG_WARN_SUSPICIOUS_MOVE = YES;
				CLANG_WARN_UNGUARDED_AVAILABILITY = YES_AGGRESSIVE;
				CLANG_WARN_UNREACHABLE_CODE = YES;
				CLANG_WARN__DUPLICATE_METHOD_MATCH = YES;
				COPY_PHASE_STRIP = NO;
				DEBUG_INFORMATION_FORMAT = dwarf;
				ENABLE_STRICT_OBJC_MSGSEND = YES;
				ENABLE_TESTABILITY = YES;
				ENABLE_USER_SCRIPT_SANDBOXING = YES;
				GCC_C_LANGUAGE_STANDARD = gnu17;
				GCC_DYNAMIC_NO_PIC = NO;
				GCC_NO_COMMON_BLOCKS = YES;
				GCC_OPTIMIZATION_LEVEL = 0;
				GCC_PREPROCESSOR_DEFINITIONS = (
					"DEBUG=1",
					"$(inherited)",
				);
				GCC_WARN_64_TO_32_BIT_CONVERSION = YES;
				GCC_WARN_ABOUT_RETURN_TYPE = YES_ERROR;
				GCC_WARN_UNDECLARED_SELECTOR = YES;
				GCC_WARN_UNINITIALIZED_AUTOS = YES_AGGRESSIVE;
				GCC_WARN_UNUSED_FUNCTION = YES;
				GCC_WARN_UNUSED_VARIABLE = YES;
				IPHONEOS_DEPLOYMENT_TARGET = 17.2;
				LOCALIZATION_PREFERS_STRING_CATALOGS = YES;
				MTL_ENABLE_DEBUG_INFO = INCLUDE_SOURCE;
				MTL_FAST_MATH = YES;
				ONLY_ACTIVE_ARCH = YES;
				SDKROOT = iphoneos;
				SWIFT_ACTIVE_COMPILATION_CONDITIONS = "DEBUG $(inherited)";
				SWIFT_OPTIMIZATION_LEVEL = "-Onone";
			};
			name = Debug;
		};
		5225F0682B4C710000EABDEC /* Release */ = {
			isa = XCBuildConfiguration;
			buildSettings = {
				ALWAYS_SEARCH_USER_PATHS = NO;
				ASSETCATALOG_COMPILER_GENERATE_SWIFT_ASSET_SYMBOL_EXTENSIONS = YES;
				CLANG_ANALYZER_NONNULL = YES;
				CLANG_ANALYZER_NUMBER_OBJECT_CONVERSION = YES_AGGRESSIVE;
				CLANG_CXX_LANGUAGE_STANDARD = "gnu++20";
				CLANG_ENABLE_MODULES = YES;
				CLANG_ENABLE_OBJC_ARC = YES;
				CLANG_ENABLE_OBJC_WEAK = YES;
				CLANG_WARN_BLOCK_CAPTURE_AUTORELEASING = YES;
				CLANG_WARN_BOOL_CONVERSION = YES;
				CLANG_WARN_COMMA = YES;
				CLANG_WARN_CONSTANT_CONVERSION = YES;
				CLANG_WARN_DEPRECATED_OBJC_IMPLEMENTATIONS = YES;
				CLANG_WARN_DIRECT_OBJC_ISA_USAGE = YES_ERROR;
				CLANG_WARN_DOCUMENTATION_COMMENTS = YES;
				CLANG_WARN_EMPTY_BODY = YES;
				CLANG_WARN_ENUM_CONVERSION = YES;
				CLANG_WARN_INFINITE_RECURSION = YES;
				CLANG_WARN_INT_CONVERSION = YES;
				CLANG_WARN_NON_LITERAL_NULL_CONVERSION = YES;
				CLANG_WARN_OBJC_IMPLICIT_RETAIN_SELF = YES;
				CLANG_WARN_OBJC_LITERAL_CONVERSION = YES;
				CLANG_WARN_OBJC_ROOT_CLASS = YES_ERROR;
				CLANG_WARN_QUOTED_INCLUDE_IN_FRAMEWORK_HEADER = YES;
				CLANG_WARN_RANGE_LOOP_ANALYSIS = YES;
				CLANG_WARN_STRICT_PROTOTYPES = YES;
				CLANG_WARN_SUSPICIOUS_MOVE = YES;
				CLANG_WARN_UNGUARDED_AVAILABILITY = YES_AGGRESSIVE;
				CLANG_WARN_UNREACHABLE_CODE = YES;
				CLANG_WARN__DUPLICATE_METHOD_MATCH = YES;
				COPY_PHASE_STRIP = NO;
				DEBUG_INFORMATION_FORMAT = "dwarf-with-dsym";
				ENABLE_NS_ASSERTIONS = NO;
				ENABLE_STRICT_OBJC_MSGSEND = YES;
				ENABLE_USER_SCRIPT_SANDBOXING = YES;
				GCC_C_LANGUAGE_STANDARD = gnu17;
				GCC_NO_COMMON_BLOCKS = YES;
				GCC_WARN_64_TO_32_BIT_CONVERSION = YES;
				GCC_WARN_ABOUT_RETURN_TYPE = YES_ERROR;
				GCC_WARN_UNDECLARED_SELECTOR = YES;
				GCC_WARN_UNINITIALIZED_AUTOS = YES_AGGRESSIVE;
				GCC_WARN_UNUSED_FUNCTION = YES;
				GCC_WARN_UNUSED_VARIABLE = YES;
				IPHONEOS_DEPLOYMENT_TARGET = 17.2;
				LOCALIZATION_PREFERS_STRING_CATALOGS = YES;
				MTL_ENABLE_DEBUG_INFO = NO;
				MTL_FAST_MATH = YES;
				SDKROOT = iphoneos;
				SWIFT_COMPILATION_MODE = wholemodule;
				VALIDATE_PRODUCT = YES;
			};
			name = Release;
		};
		5225F06A2B4C710000EABDEC /* Debug */ = {
			isa = XCBuildConfiguration;
			buildSettings = {
				ASSETCATALOG_COMPILER_APPICON_NAME = AppIcon;
				ASSETCATALOG_COMPILER_GLOBAL_ACCENT_COLOR_NAME = AccentColor;
				CODE_SIGN_STYLE = Automatic;
				CURRENT_PROJECT_VERSION = 1;
				DEVELOPMENT_ASSET_PATHS = "\"Desserts/Assets/Preview Content\"";
				DEVELOPMENT_TEAM = 5MHQLWW6Y5;
				ENABLE_PREVIEWS = YES;
				GENERATE_INFOPLIST_FILE = YES;
				INFOPLIST_KEY_UIApplicationSceneManifest_Generation = YES;
				INFOPLIST_KEY_UIApplicationSupportsIndirectInputEvents = YES;
				INFOPLIST_KEY_UILaunchScreen_Generation = YES;
				INFOPLIST_KEY_UISupportedInterfaceOrientations_iPad = "UIInterfaceOrientationPortrait UIInterfaceOrientationPortraitUpsideDown UIInterfaceOrientationLandscapeLeft UIInterfaceOrientationLandscapeRight";
				INFOPLIST_KEY_UISupportedInterfaceOrientations_iPhone = "UIInterfaceOrientationPortrait UIInterfaceOrientationLandscapeLeft UIInterfaceOrientationLandscapeRight";
				LD_RUNPATH_SEARCH_PATHS = (
					"$(inherited)",
					"@executable_path/Frameworks",
				);
				MARKETING_VERSION = 1.0;
				PRODUCT_BUNDLE_IDENTIFIER = com.JDPaul.Desserts;
				PRODUCT_NAME = "$(TARGET_NAME)";
				SWIFT_EMIT_LOC_STRINGS = YES;
				SWIFT_VERSION = 5.0;
				TARGETED_DEVICE_FAMILY = "1,2";
			};
			name = Debug;
		};
		5225F06B2B4C710000EABDEC /* Release */ = {
			isa = XCBuildConfiguration;
			buildSettings = {
				ASSETCATALOG_COMPILER_APPICON_NAME = AppIcon;
				ASSETCATALOG_COMPILER_GLOBAL_ACCENT_COLOR_NAME = AccentColor;
				CODE_SIGN_STYLE = Automatic;
				CURRENT_PROJECT_VERSION = 1;
				DEVELOPMENT_ASSET_PATHS = "\"Desserts/Assets/Preview Content\"";
				DEVELOPMENT_TEAM = 5MHQLWW6Y5;
				ENABLE_PREVIEWS = YES;
				GENERATE_INFOPLIST_FILE = YES;
				INFOPLIST_KEY_UIApplicationSceneManifest_Generation = YES;
				INFOPLIST_KEY_UIApplicationSupportsIndirectInputEvents = YES;
				INFOPLIST_KEY_UILaunchScreen_Generation = YES;
				INFOPLIST_KEY_UISupportedInterfaceOrientations_iPad = "UIInterfaceOrientationPortrait UIInterfaceOrientationPortraitUpsideDown UIInterfaceOrientationLandscapeLeft UIInterfaceOrientationLandscapeRight";
				INFOPLIST_KEY_UISupportedInterfaceOrientations_iPhone = "UIInterfaceOrientationPortrait UIInterfaceOrientationLandscapeLeft UIInterfaceOrientationLandscapeRight";
				LD_RUNPATH_SEARCH_PATHS = (
					"$(inherited)",
					"@executable_path/Frameworks",
				);
				MARKETING_VERSION = 1.0;
				PRODUCT_BUNDLE_IDENTIFIER = com.JDPaul.Desserts;
				PRODUCT_NAME = "$(TARGET_NAME)";
				SWIFT_EMIT_LOC_STRINGS = YES;
				SWIFT_VERSION = 5.0;
				TARGETED_DEVICE_FAMILY = "1,2";
			};
			name = Release;
		};
/* End XCBuildConfiguration section */

/* Begin XCConfigurationList section */
		5225F0562B4C70FF00EABDEC /* Build configuration list for PBXProject "Desserts" */ = {
			isa = XCConfigurationList;
			buildConfigurations = (
				5225F0672B4C710000EABDEC /* Debug */,
				5225F0682B4C710000EABDEC /* Release */,
			);
			defaultConfigurationIsVisible = 0;
			defaultConfigurationName = Release;
		};
		5225F0692B4C710000EABDEC /* Build configuration list for PBXNativeTarget "Desserts" */ = {
			isa = XCConfigurationList;
			buildConfigurations = (
				5225F06A2B4C710000EABDEC /* Debug */,
				5225F06B2B4C710000EABDEC /* Release */,
			);
			defaultConfigurationIsVisible = 0;
			defaultConfigurationName = Release;
		};
/* End XCConfigurationList section */
	};
	rootObject = 5225F0532B4C70FF00EABDEC /* Project object */;
}
